// !$*UTF8*$!
{
	archiveVersion = 1;
	classes = {
	};
	objectVersion = 55;
	objects = {

/* Begin PBXBuildFile section */
		C979B74528C0EB130027ABF4 /* SomeNiceViewsApp.swift in Sources */ = {isa = PBXBuildFile; fileRef = C979B74428C0EB130027ABF4 /* SomeNiceViewsApp.swift */; };
		C979B74728C0EB130027ABF4 /* ContentView.swift in Sources */ = {isa = PBXBuildFile; fileRef = C979B74628C0EB130027ABF4 /* ContentView.swift */; };
		C979B74928C0EB160027ABF4 /* Assets.xcassets in Resources */ = {isa = PBXBuildFile; fileRef = C979B74828C0EB160027ABF4 /* Assets.xcassets */; };
		C979B74C28C0EB160027ABF4 /* Preview Assets.xcassets in Resources */ = {isa = PBXBuildFile; fileRef = C979B74B28C0EB160027ABF4 /* Preview Assets.xcassets */; };
		C979B75628C0EB160027ABF4 /* SomeNiceViewsTests.swift in Sources */ = {isa = PBXBuildFile; fileRef = C979B75528C0EB160027ABF4 /* SomeNiceViewsTests.swift */; };
		C979B76028C0EB160027ABF4 /* SomeNiceViewsUITests.swift in Sources */ = {isa = PBXBuildFile; fileRef = C979B75F28C0EB160027ABF4 /* SomeNiceViewsUITests.swift */; };
		C979B76228C0EB160027ABF4 /* SomeNiceViewsUITestsLaunchTests.swift in Sources */ = {isa = PBXBuildFile; fileRef = C979B76128C0EB160027ABF4 /* SomeNiceViewsUITestsLaunchTests.swift */; };
/* End PBXBuildFile section */

/* Begin PBXContainerItemProxy section */
		C979B75228C0EB160027ABF4 /* PBXContainerItemProxy */ = {
			isa = PBXContainerItemProxy;
			containerPortal = C979B73928C0EB130027ABF4 /* Project object */;
			proxyType = 1;
			remoteGlobalIDString = C979B74028C0EB130027ABF4;
			remoteInfo = SomeNiceViews;
		};
		C979B75C28C0EB160027ABF4 /* PBXContainerItemProxy */ = {
			isa = PBXContainerItemProxy;
			containerPortal = C979B73928C0EB130027ABF4 /* Project object */;
			proxyType = 1;
			remoteGlobalIDString = C979B74028C0EB130027ABF4;
			remoteInfo = SomeNiceViews;
		};
/* End PBXContainerItemProxy section */

/* Begin PBXFileReference section */
		C979B74128C0EB130027ABF4 /* SomeNiceViews.app */ = {isa = PBXFileReference; explicitFileType = wrapper.application; includeInIndex = 0; path = SomeNiceViews.app; sourceTree = BUILT_PRODUCTS_DIR; };
		C979B74428C0EB130027ABF4 /* SomeNiceViewsApp.swift */ = {isa = PBXFileReference; lastKnownFileType = sourcecode.swift; path = SomeNiceViewsApp.swift; sourceTree = "<group>"; };
		C979B74628C0EB130027ABF4 /* ContentView.swift */ = {isa = PBXFileReference; lastKnownFileType = sourcecode.swift; path = ContentView.swift; sourceTree = "<group>"; };
		C979B74828C0EB160027ABF4 /* Assets.xcassets */ = {isa = PBXFileReference; lastKnownFileType = folder.assetcatalog; path = Assets.xcassets; sourceTree = "<group>"; };
		C979B74B28C0EB160027ABF4 /* Preview Assets.xcassets */ = {isa = PBXFileReference; lastKnownFileType = folder.assetcatalog; path = "Preview Assets.xcassets"; sourceTree = "<group>"; };
		C979B75128C0EB160027ABF4 /* SomeNiceViewsTests.xctest */ = {isa = PBXFileReference; explicitFileType = wrapper.cfbundle; includeInIndex = 0; path = SomeNiceViewsTests.xctest; sourceTree = BUILT_PRODUCTS_DIR; };
		C979B75528C0EB160027ABF4 /* SomeNiceViewsTests.swift */ = {isa = PBXFileReference; lastKnownFileType = sourcecode.swift; path = SomeNiceViewsTests.swift; sourceTree = "<group>"; };
		C979B75B28C0EB160027ABF4 /* SomeNiceViewsUITests.xctest */ = {isa = PBXFileReference; explicitFileType = wrapper.cfbundle; includeInIndex = 0; path = SomeNiceViewsUITests.xctest; sourceTree = BUILT_PRODUCTS_DIR; };
		C979B75F28C0EB160027ABF4 /* SomeNiceViewsUITests.swift */ = {isa = PBXFileReference; lastKnownFileType = sourcecode.swift; path = SomeNiceViewsUITests.swift; sourceTree = "<group>"; };
		C979B76128C0EB160027ABF4 /* SomeNiceViewsUITestsLaunchTests.swift */ = {isa = PBXFileReference; lastKnownFileType = sourcecode.swift; path = SomeNiceViewsUITestsLaunchTests.swift; sourceTree = "<group>"; };
/* End PBXFileReference section */

/* Begin PBXFrameworksBuildPhase section */
		C979B73E28C0EB130027ABF4 /* Frameworks */ = {
			isa = PBXFrameworksBuildPhase;
			buildActionMask = 2147483647;
			files = (
			);
			runOnlyForDeploymentPostprocessing = 0;
		};
		C979B74E28C0EB160027ABF4 /* Frameworks */ = {
			isa = PBXFrameworksBuildPhase;
			buildActionMask = 2147483647;
			files = (
			);
			runOnlyForDeploymentPostprocessing = 0;
		};
		C979B75828C0EB160027ABF4 /* Frameworks */ = {
			isa = PBXFrameworksBuildPhase;
			buildActionMask = 2147483647;
			files = (
			);
			runOnlyForDeploymentPostprocessing = 0;
		};
/* End PBXFrameworksBuildPhase section */

/* Begin PBXGroup section */
		C979B73828C0EB130027ABF4 = {
			isa = PBXGroup;
			children = (
				C979B74328C0EB130027ABF4 /* SomeNiceViews */,
				C979B75428C0EB160027ABF4 /* SomeNiceViewsTests */,
				C979B75E28C0EB160027ABF4 /* SomeNiceViewsUITests */,
				C979B74228C0EB130027ABF4 /* Products */,
			);
			sourceTree = "<group>";
		};
		C979B74228C0EB130027ABF4 /* Products */ = {
			isa = PBXGroup;
			children = (
				C979B74128C0EB130027ABF4 /* SomeNiceViews.app */,
				C979B75128C0EB160027ABF4 /* SomeNiceViewsTests.xctest */,
				C979B75B28C0EB160027ABF4 /* SomeNiceViewsUITests.xctest */,
			);
			name = Products;
			sourceTree = "<group>";
		};
		C979B74328C0EB130027ABF4 /* SomeNiceViews */ = {
			isa = PBXGroup;
			children = (
				C979B74428C0EB130027ABF4 /* SomeNiceViewsApp.swift */,
				C979B74628C0EB130027ABF4 /* ContentView.swift */,
				C979B74828C0EB160027ABF4 /* Assets.xcassets */,
				C979B74A28C0EB160027ABF4 /* Preview Content */,
			);
			path = SomeNiceViews;
			sourceTree = "<group>";
		};
		C979B74A28C0EB160027ABF4 /* Preview Content */ = {
			isa = PBXGroup;
			children = (
				C979B74B28C0EB160027ABF4 /* Preview Assets.xcassets */,
			);
			path = "Preview Content";
			sourceTree = "<group>";
		};
		C979B75428C0EB160027ABF4 /* SomeNiceViewsTests */ = {
			isa = PBXGroup;
			children = (
				C979B75528C0EB160027ABF4 /* SomeNiceViewsTests.swift */,
			);
			path = SomeNiceViewsTests;
			sourceTree = "<group>";
		};
		C979B75E28C0EB160027ABF4 /* SomeNiceViewsUITests */ = {
			isa = PBXGroup;
			children = (
				C979B75F28C0EB160027ABF4 /* SomeNiceViewsUITests.swift */,
				C979B76128C0EB160027ABF4 /* SomeNiceViewsUITestsLaunchTests.swift */,
			);
			path = SomeNiceViewsUITests;
			sourceTree = "<group>";
		};
/* End PBXGroup section */

/* Begin PBXNativeTarget section */
		C979B74028C0EB130027ABF4 /* SomeNiceViews */ = {
			isa = PBXNativeTarget;
			buildConfigurationList = C979B76528C0EB160027ABF4 /* Build configuration list for PBXNativeTarget "SomeNiceViews" */;
			buildPhases = (
				C979B73D28C0EB130027ABF4 /* Sources */,
				C979B73E28C0EB130027ABF4 /* Frameworks */,
				C979B73F28C0EB130027ABF4 /* Resources */,
			);
			buildRules = (
			);
			dependencies = (
			);
			name = SomeNiceViews;
			productName = SomeNiceViews;
			productReference = C979B74128C0EB130027ABF4 /* SomeNiceViews.app */;
			productType = "com.apple.product-type.application";
		};
		C979B75028C0EB160027ABF4 /* SomeNiceViewsTests */ = {
			isa = PBXNativeTarget;
			buildConfigurationList = C979B76828C0EB160027ABF4 /* Build configuration list for PBXNativeTarget "SomeNiceViewsTests" */;
			buildPhases = (
				C979B74D28C0EB160027ABF4 /* Sources */,
				C979B74E28C0EB160027ABF4 /* Frameworks */,
				C979B74F28C0EB160027ABF4 /* Resources */,
			);
			buildRules = (
			);
			dependencies = (
				C979B75328C0EB160027ABF4 /* PBXTargetDependency */,
			);
			name = SomeNiceViewsTests;
			productName = SomeNiceViewsTests;
			productReference = C979B75128C0EB160027ABF4 /* SomeNiceViewsTests.xctest */;
			productType = "com.apple.product-type.bundle.unit-test";
		};
		C979B75A28C0EB160027ABF4 /* SomeNiceViewsUITests */ = {
			isa = PBXNativeTarget;
			buildConfigurationList = C979B76B28C0EB160027ABF4 /* Build configuration list for PBXNativeTarget "SomeNiceViewsUITests" */;
			buildPhases = (
				C979B75728C0EB160027ABF4 /* Sources */,
				C979B75828C0EB160027ABF4 /* Frameworks */,
				C979B75928C0EB160027ABF4 /* Resources */,
			);
			buildRules = (
			);
			dependencies = (
				C979B75D28C0EB160027ABF4 /* PBXTargetDependency */,
			);
			name = SomeNiceViewsUITests;
			productName = SomeNiceViewsUITests;
			productReference = C979B75B28C0EB160027ABF4 /* SomeNiceViewsUITests.xctest */;
			productType = "com.apple.product-type.bundle.ui-testing";
		};
/* End PBXNativeTarget section */

/* Begin PBXProject section */
		C979B73928C0EB130027ABF4 /* Project object */ = {
			isa = PBXProject;
			attributes = {
				BuildIndependentTargetsInParallel = 1;
				LastSwiftUpdateCheck = 1340;
				LastUpgradeCheck = 1340;
				TargetAttributes = {
					C979B74028C0EB130027ABF4 = {
						CreatedOnToolsVersion = 13.4.1;
					};
					C979B75028C0EB160027ABF4 = {
						CreatedOnToolsVersion = 13.4.1;
						TestTargetID = C979B74028C0EB130027ABF4;
					};
					C979B75A28C0EB160027ABF4 = {
						CreatedOnToolsVersion = 13.4.1;
						TestTargetID = C979B74028C0EB130027ABF4;
					};
				};
			};
			buildConfigurationList = C979B73C28C0EB130027ABF4 /* Build configuration list for PBXProject "SomeNiceViews" */;
			compatibilityVersion = "Xcode 13.0";
			developmentRegion = en;
			hasScannedForEncodings = 0;
			knownRegions = (
				en,
				Base,
			);
			mainGroup = C979B73828C0EB130027ABF4;
			productRefGroup = C979B74228C0EB130027ABF4 /* Products */;
			projectDirPath = "";
			projectRoot = "";
			targets = (
				C979B74028C0EB130027ABF4 /* SomeNiceViews */,
				C979B75028C0EB160027ABF4 /* SomeNiceViewsTests */,
				C979B75A28C0EB160027ABF4 /* SomeNiceViewsUITests */,
			);
		};
/* End PBXProject section */

/* Begin PBXResourcesBuildPhase section */
		C979B73F28C0EB130027ABF4 /* Resources */ = {
			isa = PBXResourcesBuildPhase;
			buildActionMask = 2147483647;
			files = (
				C979B74C28C0EB160027ABF4 /* Preview Assets.xcassets in Resources */,
				C979B74928C0EB160027ABF4 /* Assets.xcassets in Resources */,
			);
			runOnlyForDeploymentPostprocessing = 0;
		};
		C979B74F28C0EB160027ABF4 /* Resources */ = {
			isa = PBXResourcesBuildPhase;
			buildActionMask = 2147483647;
			files = (
			);
			runOnlyForDeploymentPostprocessing = 0;
		};
		C979B75928C0EB160027ABF4 /* Resources */ = {
			isa = PBXResourcesBuildPhase;
			buildActionMask = 2147483647;
			files = (
			);
			runOnlyForDeploymentPostprocessing = 0;
		};
/* End PBXResourcesBuildPhase section */

/* Begin PBXSourcesBuildPhase section */
		C979B73D28C0EB130027ABF4 /* Sources */ = {
			isa = PBXSourcesBuildPhase;
			buildActionMask = 2147483647;
			files = (
				C979B74728C0EB130027ABF4 /* ContentView.swift in Sources */,
				C979B74528C0EB130027ABF4 /* SomeNiceViewsApp.swift in Sources */,
			);
			runOnlyForDeploymentPostprocessing = 0;
		};
		C979B74D28C0EB160027ABF4 /* Sources */ = {
			isa = PBXSourcesBuildPhase;
			buildActionMask = 2147483647;
			files = (
				C979B75628C0EB160027ABF4 /* SomeNiceViewsTests.swift in Sources */,
			);
			runOnlyForDeploymentPostprocessing = 0;
		};
		C979B75728C0EB160027ABF4 /* Sources */ = {
			isa = PBXSourcesBuildPhase;
			buildActionMask = 2147483647;
			files = (
				C979B76228C0EB160027ABF4 /* SomeNiceViewsUITestsLaunchTests.swift in Sources */,
				C979B76028C0EB160027ABF4 /* SomeNiceViewsUITests.swift in Sources */,
			);
			runOnlyForDeploymentPostprocessing = 0;
		};
/* End PBXSourcesBuildPhase section */

/* Begin PBXTargetDependency section */
		C979B75328C0EB160027ABF4 /* PBXTargetDependency */ = {
			isa = PBXTargetDependency;
			target = C979B74028C0EB130027ABF4 /* SomeNiceViews */;
			targetProxy = C979B75228C0EB160027ABF4 /* PBXContainerItemProxy */;
		};
		C979B75D28C0EB160027ABF4 /* PBXTargetDependency */ = {
			isa = PBXTargetDependency;
			target = C979B74028C0EB130027ABF4 /* SomeNiceViews */;
			targetProxy = C979B75C28C0EB160027ABF4 /* PBXContainerItemProxy */;
		};
/* End PBXTargetDependency section */

/* Begin XCBuildConfiguration section */
		C979B76328C0EB160027ABF4 /* Debug */ = {
			isa = XCBuildConfiguration;
			buildSettings = {
				ALWAYS_SEARCH_USER_PATHS = NO;
				CLANG_ANALYZER_NONNULL = YES;
				CLANG_ANALYZER_NUMBER_OBJECT_CONVERSION = YES_AGGRESSIVE;
				CLANG_CXX_LANGUAGE_STANDARD = "gnu++17";
				CLANG_ENABLE_MODULES = YES;
				CLANG_ENABLE_OBJC_ARC = YES;
				CLANG_ENABLE_OBJC_WEAK = YES;
				CLANG_WARN_BLOCK_CAPTURE_AUTORELEASING = YES;
				CLANG_WARN_BOOL_CONVERSION = YES;
				CLANG_WARN_COMMA = YES;
				CLANG_WARN_CONSTANT_CONVERSION = YES;
				CLANG_WARN_DEPRECATED_OBJC_IMPLEMENTATIONS = YES;
				CLANG_WARN_DIRECT_OBJC_ISA_USAGE = YES_ERROR;
				CLANG_WARN_DOCUMENTATION_COMMENTS = YES;
				CLANG_WARN_EMPTY_BODY = YES;
				CLANG_WARN_ENUM_CONVERSION = YES;
				CLANG_WARN_INFINITE_RECURSION = YES;
				CLANG_WARN_INT_CONVERSION = YES;
				CLANG_WARN_NON_LITERAL_NULL_CONVERSION = YES;
				CLANG_WARN_OBJC_IMPLICIT_RETAIN_SELF = YES;
				CLANG_WARN_OBJC_LITERAL_CONVERSION = YES;
				CLANG_WARN_OBJC_ROOT_CLASS = YES_ERROR;
				CLANG_WARN_QUOTED_INCLUDE_IN_FRAMEWORK_HEADER = YES;
				CLANG_WARN_RANGE_LOOP_ANALYSIS = YES;
				CLANG_WARN_STRICT_PROTOTYPES = YES;
				CLANG_WARN_SUSPICIOUS_MOVE = YES;
				CLANG_WARN_UNGUARDED_AVAILABILITY = YES_AGGRESSIVE;
				CLANG_WARN_UNREACHABLE_CODE = YES;
				CLANG_WARN__DUPLICATE_METHOD_MATCH = YES;
				COPY_PHASE_STRIP = NO;
				DEBUG_INFORMATION_FORMAT = dwarf;
				ENABLE_STRICT_OBJC_MSGSEND = YES;
				ENABLE_TESTABILITY = YES;
				GCC_C_LANGUAGE_STANDARD = gnu11;
				GCC_DYNAMIC_NO_PIC = NO;
				GCC_NO_COMMON_BLOCKS = YES;
				GCC_OPTIMIZATION_LEVEL = 0;
				GCC_PREPROCESSOR_DEFINITIONS = (
					"DEBUG=1",
					"$(inherited)",
				);
				GCC_WARN_64_TO_32_BIT_CONVERSION = YES;
				GCC_WARN_ABOUT_RETURN_TYPE = YES_ERROR;
				GCC_WARN_UNDECLARED_SELECTOR = YES;
				GCC_WARN_UNINITIALIZED_AUTOS = YES_AGGRESSIVE;
				GCC_WARN_UNUSED_FUNCTION = YES;
				GCC_WARN_UNUSED_VARIABLE = YES;
				IPHONEOS_DEPLOYMENT_TARGET = 15.5;
				MTL_ENABLE_DEBUG_INFO = INCLUDE_SOURCE;
				MTL_FAST_MATH = YES;
				ONLY_ACTIVE_ARCH = YES;
				SDKROOT = iphoneos;
				SWIFT_ACTIVE_COMPILATION_CONDITIONS = DEBUG;
				SWIFT_OPTIMIZATION_LEVEL = "-Onone";
			};
			name = Debug;
		};
		C979B76428C0EB160027ABF4 /* Release */ = {
			isa = XCBuildConfiguration;
			buildSettings = {
				ALWAYS_SEARCH_USER_PATHS = NO;
				CLANG_ANALYZER_NONNULL = YES;
				CLANG_ANALYZER_NUMBER_OBJECT_CONVERSION = YES_AGGRESSIVE;
				CLANG_CXX_LANGUAGE_STANDARD = "gnu++17";
				CLANG_ENABLE_MODULES = YES;
				CLANG_ENABLE_OBJC_ARC = YES;
				CLANG_ENABLE_OBJC_WEAK = YES;
				CLANG_WARN_BLOCK_CAPTURE_AUTORELEASING = YES;
				CLANG_WARN_BOOL_CONVERSION = YES;
				CLANG_WARN_COMMA = YES;
				CLANG_WARN_CONSTANT_CONVERSION = YES;
				CLANG_WARN_DEPRECATED_OBJC_IMPLEMENTATIONS = YES;
				CLANG_WARN_DIRECT_OBJC_ISA_USAGE = YES_ERROR;
				CLANG_WARN_DOCUMENTATION_COMMENTS = YES;
				CLANG_WARN_EMPTY_BODY = YES;
				CLANG_WARN_ENUM_CONVERSION = YES;
				CLANG_WARN_INFINITE_RECURSION = YES;
				CLANG_WARN_INT_CONVERSION = YES;
				CLANG_WARN_NON_LITERAL_NULL_CONVERSION = YES;
				CLANG_WARN_OBJC_IMPLICIT_RETAIN_SELF = YES;
				CLANG_WARN_OBJC_LITERAL_CONVERSION = YES;
				CLANG_WARN_OBJC_ROOT_CLASS = YES_ERROR;
				CLANG_WARN_QUOTED_INCLUDE_IN_FRAMEWORK_HEADER = YES;
				CLANG_WARN_RANGE_LOOP_ANALYSIS = YES;
				CLANG_WARN_STRICT_PROTOTYPES = YES;
				CLANG_WARN_SUSPICIOUS_MOVE = YES;
				CLANG_WARN_UNGUARDED_AVAILABILITY = YES_AGGRESSIVE;
				CLANG_WARN_UNREACHABLE_CODE = YES;
				CLANG_WARN__DUPLICATE_METHOD_MATCH = YES;
				COPY_PHASE_STRIP = NO;
				DEBUG_INFORMATION_FORMAT = "dwarf-with-dsym";
				ENABLE_NS_ASSERTIONS = NO;
				ENABLE_STRICT_OBJC_MSGSEND = YES;
				GCC_C_LANGUAGE_STANDARD = gnu11;
				GCC_NO_COMMON_BLOCKS = YES;
				GCC_WARN_64_TO_32_BIT_CONVERSION = YES;
				GCC_WARN_ABOUT_RETURN_TYPE = YES_ERROR;
				GCC_WARN_UNDECLARED_SELECTOR = YES;
				GCC_WARN_UNINITIALIZED_AUTOS = YES_AGGRESSIVE;
				GCC_WARN_UNUSED_FUNCTION = YES;
				GCC_WARN_UNUSED_VARIABLE = YES;
				IPHONEOS_DEPLOYMENT_TARGET = 15.5;
				MTL_ENABLE_DEBUG_INFO = NO;
				MTL_FAST_MATH = YES;
				SDKROOT = iphoneos;
				SWIFT_COMPILATION_MODE = wholemodule;
				SWIFT_OPTIMIZATION_LEVEL = "-O";
				VALIDATE_PRODUCT = YES;
			};
			name = Release;
		};
		C979B76628C0EB160027ABF4 /* Debug */ = {
			isa = XCBuildConfiguration;
			buildSettings = {
				ASSETCATALOG_COMPILER_APPICON_NAME = AppIcon;
				ASSETCATALOG_COMPILER_GLOBAL_ACCENT_COLOR_NAME = AccentColor;
				CODE_SIGN_STYLE = Automatic;
				CURRENT_PROJECT_VERSION = 1;
				DEVELOPMENT_ASSET_PATHS = "\"SomeNiceViews/Preview Content\"";
				DEVELOPMENT_TEAM = 2Y4X2RS245;
				ENABLE_PREVIEWS = YES;
				GENERATE_INFOPLIST_FILE = YES;
				INFOPLIST_KEY_UIApplicationSceneManifest_Generation = YES;
				INFOPLIST_KEY_UIApplicationSupportsIndirectInputEvents = YES;
				INFOPLIST_KEY_UILaunchScreen_Generation = YES;
				INFOPLIST_KEY_UISupportedInterfaceOrientations_iPad = "UIInterfaceOrientationPortrait UIInterfaceOrientationPortraitUpsideDown UIInterfaceOrientationLandscapeLeft UIInterfaceOrientationLandscapeRight";
				INFOPLIST_KEY_UISupportedInterfaceOrientations_iPhone = "UIInterfaceOrientationPortrait UIInterfaceOrientationLandscapeLeft UIInterfaceOrientationLandscapeRight";
				LD_RUNPATH_SEARCH_PATHS = (
					"$(inherited)",
					"@executable_path/Frameworks",
				);
				MARKETING_VERSION = 1.0;
				PRODUCT_BUNDLE_IDENTIFIER = HelloMX.SomeNiceViews;
				PRODUCT_NAME = "$(TARGET_NAME)";
				SWIFT_EMIT_LOC_STRINGS = YES;
				SWIFT_VERSION = 5.0;
				TARGETED_DEVICE_FAMILY = "1,2";
			};
			name = Debug;
		};
		C979B76728C0EB160027ABF4 /* Release */ = {
			isa = XCBuildConfiguration;
			buildSettings = {
				ASSETCATALOG_COMPILER_APPICON_NAME = AppIcon;
				ASSETCATALOG_COMPILER_GLOBAL_ACCENT_COLOR_NAME = AccentColor;
				CODE_SIGN_STYLE = Automatic;
				CURRENT_PROJECT_VERSION = 1;
				DEVELOPMENT_ASSET_PATHS = "\"SomeNiceViews/Preview Content\"";
				DEVELOPMENT_TEAM = 2Y4X2RS245;
				ENABLE_PREVIEWS = YES;
				GENERATE_INFOPLIST_FILE = YES;
				INFOPLIST_KEY_UIApplicationSceneManifest_Generation = YES;
				INFOPLIST_KEY_UIApplicationSupportsIndirectInputEvents = YES;
				INFOPLIST_KEY_UILaunchScreen_Generation = YES;
				INFOPLIST_KEY_UISupportedInterfaceOrientations_iPad = "UIInterfaceOrientationPortrait UIInterfaceOrientationPortraitUpsideDown UIInterfaceOrientationLandscapeLeft UIInterfaceOrientationLandscapeRight";
				INFOPLIST_KEY_UISupportedInterfaceOrientations_iPhone = "UIInterfaceOrientationPortrait UIInterfaceOrientationLandscapeLeft UIInterfaceOrientationLandscapeRight";
				LD_RUNPATH_SEARCH_PATHS = (
					"$(inherited)",
					"@executable_path/Frameworks",
				);
				MARKETING_VERSION = 1.0;
				PRODUCT_BUNDLE_IDENTIFIER = HelloMX.SomeNiceViews;
				PRODUCT_NAME = "$(TARGET_NAME)";
				SWIFT_EMIT_LOC_STRINGS = YES;
				SWIFT_VERSION = 5.0;
				TARGETED_DEVICE_FAMILY = "1,2";
			};
			name = Release;
		};
		C979B76928C0EB160027ABF4 /* Debug */ = {
			isa = XCBuildConfiguration;
			buildSettings = {
				ALWAYS_EMBED_SWIFT_STANDARD_LIBRARIES = YES;
				BUNDLE_LOADER = "$(TEST_HOST)";
				CODE_SIGN_STYLE = Automatic;
				CURRENT_PROJECT_VERSION = 1;
				DEVELOPMENT_TEAM = 2Y4X2RS245;
				GENERATE_INFOPLIST_FILE = YES;
				IPHONEOS_DEPLOYMENT_TARGET = 15.5;
				MARKETING_VERSION = 1.0;
				PRODUCT_BUNDLE_IDENTIFIER = HelloMX.SomeNiceViewsTests;
				PRODUCT_NAME = "$(TARGET_NAME)";
				SWIFT_EMIT_LOC_STRINGS = NO;
				SWIFT_VERSION = 5.0;
				TARGETED_DEVICE_FAMILY = "1,2";
				TEST_HOST = "$(BUILT_PRODUCTS_DIR)/SomeNiceViews.app/SomeNiceViews";
			};
			name = Debug;
		};
		C979B76A28C0EB160027ABF4 /* Release */ = {
			isa = XCBuildConfiguration;
			buildSettings = {
				ALWAYS_EMBED_SWIFT_STANDARD_LIBRARIES = YES;
				BUNDLE_LOADER = "$(TEST_HOST)";
				CODE_SIGN_STYLE = Automatic;
				CURRENT_PROJECT_VERSION = 1;
				DEVELOPMENT_TEAM = 2Y4X2RS245;
				GENERATE_INFOPLIST_FILE = YES;
				IPHONEOS_DEPLOYMENT_TARGET = 15.5;
				MARKETING_VERSION = 1.0;
				PRODUCT_BUNDLE_IDENTIFIER = HelloMX.SomeNiceViewsTests;
				PRODUCT_NAME = "$(TARGET_NAME)";
				SWIFT_EMIT_LOC_STRINGS = NO;
				SWIFT_VERSION = 5.0;
				TARGETED_DEVICE_FAMILY = "1,2";
				TEST_HOST = "$(BUILT_PRODUCTS_DIR)/SomeNiceViews.app/SomeNiceViews";
			};
			name = Release;
		};
		C979B76C28C0EB160027ABF4 /* Debug */ = {
			isa = XCBuildConfiguration;
			buildSettings = {
				ALWAYS_EMBED_SWIFT_STANDARD_LIBRARIES = YES;
				CODE_SIGN_STYLE = Automatic;
				CURRENT_PROJECT_VERSION = 1;
				DEVELOPMENT_TEAM = 2Y4X2RS245;
				GENERATE_INFOPLIST_FILE = YES;
				MARKETING_VERSION = 1.0;
				PRODUCT_BUNDLE_IDENTIFIER = HelloMX.SomeNiceViewsUITests;
				PRODUCT_NAME = "$(TARGET_NAME)";
				SWIFT_EMIT_LOC_STRINGS = NO;
				SWIFT_VERSION = 5.0;
				TARGETED_DEVICE_FAMILY = "1,2";
				TEST_TARGET_NAME = SomeNiceViews;
			};
			name = Debug;
		};
		C979B76D28C0EB160027ABF4 /* Release */ = {
			isa = XCBuildConfiguration;
			buildSettings = {
				ALWAYS_EMBED_SWIFT_STANDARD_LIBRARIES = YES;
				CODE_SIGN_STYLE = Automatic;
				CURRENT_PROJECT_VERSION = 1;
				DEVELOPMENT_TEAM = 2Y4X2RS245;
				GENERATE_INFOPLIST_FILE = YES;
				MARKETING_VERSION = 1.0;
				PRODUCT_BUNDLE_IDENTIFIER = HelloMX.SomeNiceViewsUITests;
				PRODUCT_NAME = "$(TARGET_NAME)";
				SWIFT_EMIT_LOC_STRINGS = NO;
				SWIFT_VERSION = 5.0;
				TARGETED_DEVICE_FAMILY = "1,2";
				TEST_TARGET_NAME = SomeNiceViews;
			};
			name = Release;
		};
/* End XCBuildConfiguration section */

/* Begin XCConfigurationList section */
		C979B73C28C0EB130027ABF4 /* Build configuration list for PBXProject "SomeNiceViews" */ = {
			isa = XCConfigurationList;
			buildConfigurations = (
				C979B76328C0EB160027ABF4 /* Debug */,
				C979B76428C0EB160027ABF4 /* Release */,
			);
			defaultConfigurationIsVisible = 0;
			defaultConfigurationName = Release;
		};
		C979B76528C0EB160027ABF4 /* Build configuration list for PBXNativeTarget "SomeNiceViews" */ = {
			isa = XCConfigurationList;
			buildConfigurations = (
				C979B76628C0EB160027ABF4 /* Debug */,
				C979B76728C0EB160027ABF4 /* Release */,
			);
			defaultConfigurationIsVisible = 0;
			defaultConfigurationName = Release;
		};
		C979B76828C0EB160027ABF4 /* Build configuration list for PBXNativeTarget "SomeNiceViewsTests" */ = {
			isa = XCConfigurationList;
			buildConfigurations = (
				C979B76928C0EB160027ABF4 /* Debug */,
				C979B76A28C0EB160027ABF4 /* Release */,
			);
			defaultConfigurationIsVisible = 0;
			defaultConfigurationName = Release;
		};
		C979B76B28C0EB160027ABF4 /* Build configuration list for PBXNativeTarget "SomeNiceViewsUITests" */ = {
			isa = XCConfigurationList;
			buildConfigurations = (
				C979B76C28C0EB160027ABF4 /* Debug */,
				C979B76D28C0EB160027ABF4 /* Release */,
			);
			defaultConfigurationIsVisible = 0;
			defaultConfigurationName = Release;
		};
/* End XCConfigurationList section */
	};
	rootObject = C979B73928C0EB130027ABF4 /* Project object */;
}
